// !$*UTF8*$!
{
	archiveVersion = 1;
	classes = {
	};
	objectVersion = 56;
	objects = {

/* Begin PBXBuildFile section */
		8B1063CE2C5B6957006C53E6 /* AppDelegate.swift in Sources */ = {isa = PBXBuildFile; fileRef = 8B1063CD2C5B6957006C53E6 /* AppDelegate.swift */; };
		8B1063D02C5B6957006C53E6 /* SceneDelegate.swift in Sources */ = {isa = PBXBuildFile; fileRef = 8B1063CF2C5B6957006C53E6 /* SceneDelegate.swift */; };
		8B1063D22C5B6957006C53E6 /* ViewController.swift in Sources */ = {isa = PBXBuildFile; fileRef = 8B1063D12C5B6957006C53E6 /* ViewController.swift */; };
		8B1063D52C5B6957006C53E6 /* Base in Resources */ = {isa = PBXBuildFile; fileRef = 8B1063D42C5B6957006C53E6 /* Base */; };
		8B1063D72C5B6959006C53E6 /* Assets.xcassets in Resources */ = {isa = PBXBuildFile; fileRef = 8B1063D62C5B6959006C53E6 /* Assets.xcassets */; };
		8B1063DA2C5B6959006C53E6 /* Base in Resources */ = {isa = PBXBuildFile; fileRef = 8B1063D92C5B6959006C53E6 /* Base */; };
		8B1063E32C5B6974006C53E6 /* CoreDataModel.xcdatamodeld in Sources */ = {isa = PBXBuildFile; fileRef = 8B1063E12C5B6974006C53E6 /* CoreDataModel.xcdatamodeld */; };
		8B1063E52C5B6B11006C53E6 /* CoreDataViewModel.swift in Sources */ = {isa = PBXBuildFile; fileRef = 8B1063E42C5B6B11006C53E6 /* CoreDataViewModel.swift */; };
		8B1063E82C5C9241006C53E6 /* Model.xcdatamodeld in Sources */ = {isa = PBXBuildFile; fileRef = 8B1063E62C5C9241006C53E6 /* Model.xcdatamodeld */; };
/* End PBXBuildFile section */

/* Begin PBXFileReference section */
		8B1063CA2C5B6957006C53E6 /* DianaCoreData_Demo.app */ = {isa = PBXFileReference; explicitFileType = wrapper.application; includeInIndex = 0; path = DianaCoreData_Demo.app; sourceTree = BUILT_PRODUCTS_DIR; };
		8B1063CD2C5B6957006C53E6 /* AppDelegate.swift */ = {isa = PBXFileReference; lastKnownFileType = sourcecode.swift; path = AppDelegate.swift; sourceTree = "<group>"; };
		8B1063CF2C5B6957006C53E6 /* SceneDelegate.swift */ = {isa = PBXFileReference; lastKnownFileType = sourcecode.swift; path = SceneDelegate.swift; sourceTree = "<group>"; };
		8B1063D12C5B6957006C53E6 /* ViewController.swift */ = {isa = PBXFileReference; lastKnownFileType = sourcecode.swift; path = ViewController.swift; sourceTree = "<group>"; };
		8B1063D42C5B6957006C53E6 /* Base */ = {isa = PBXFileReference; lastKnownFileType = file.storyboard; name = Base; path = Base.lproj/Main.storyboard; sourceTree = "<group>"; };
		8B1063D62C5B6959006C53E6 /* Assets.xcassets */ = {isa = PBXFileReference; lastKnownFileType = folder.assetcatalog; path = Assets.xcassets; sourceTree = "<group>"; };
		8B1063D92C5B6959006C53E6 /* Base */ = {isa = PBXFileReference; lastKnownFileType = file.storyboard; name = Base; path = Base.lproj/LaunchScreen.storyboard; sourceTree = "<group>"; };
		8B1063DB2C5B6959006C53E6 /* Info.plist */ = {isa = PBXFileReference; lastKnownFileType = text.plist.xml; path = Info.plist; sourceTree = "<group>"; };
		8B1063E22C5B6974006C53E6 /* CoreDataModel.xcdatamodel */ = {isa = PBXFileReference; lastKnownFileType = wrapper.xcdatamodel; path = CoreDataModel.xcdatamodel; sourceTree = "<group>"; };
		8B1063E42C5B6B11006C53E6 /* CoreDataViewModel.swift */ = {isa = PBXFileReference; lastKnownFileType = sourcecode.swift; path = CoreDataViewModel.swift; sourceTree = "<group>"; };
		8B1063E72C5C9241006C53E6 /* Model.xcdatamodel */ = {isa = PBXFileReference; lastKnownFileType = wrapper.xcdatamodel; path = Model.xcdatamodel; sourceTree = "<group>"; };
/* End PBXFileReference section */

/* Begin PBXFrameworksBuildPhase section */
		8B1063C72C5B6957006C53E6 /* Frameworks */ = {
			isa = PBXFrameworksBuildPhase;
			buildActionMask = 2147483647;
			files = (
			);
			runOnlyForDeploymentPostprocessing = 0;
		};
/* End PBXFrameworksBuildPhase section */

/* Begin PBXGroup section */
		8B1063C12C5B6957006C53E6 = {
			isa = PBXGroup;
			children = (
				8B1063CC2C5B6957006C53E6 /* DianaCoreData_Demo */,
				8B1063CB2C5B6957006C53E6 /* Products */,
			);
			sourceTree = "<group>";
		};
		8B1063CB2C5B6957006C53E6 /* Products */ = {
			isa = PBXGroup;
			children = (
				8B1063CA2C5B6957006C53E6 /* DianaCoreData_Demo.app */,
			);
			name = Products;
			sourceTree = "<group>";
		};
		8B1063CC2C5B6957006C53E6 /* DianaCoreData_Demo */ = {
			isa = PBXGroup;
			children = (
				8B1063CD2C5B6957006C53E6 /* AppDelegate.swift */,
				8B1063CF2C5B6957006C53E6 /* SceneDelegate.swift */,
				8B1063D12C5B6957006C53E6 /* ViewController.swift */,
				8B1063D32C5B6957006C53E6 /* Main.storyboard */,
				8B1063D62C5B6959006C53E6 /* Assets.xcassets */,
				8B1063D82C5B6959006C53E6 /* LaunchScreen.storyboard */,
				8B1063DB2C5B6959006C53E6 /* Info.plist */,
				8B1063E12C5B6974006C53E6 /* CoreDataModel.xcdatamodeld */,
				8B1063E62C5C9241006C53E6 /* Model.xcdatamodeld */,
				8B1063E42C5B6B11006C53E6 /* CoreDataViewModel.swift */,
			);
			path = DianaCoreData_Demo;
			sourceTree = "<group>";
		};
/* End PBXGroup section */

/* Begin PBXNativeTarget section */
		8B1063C92C5B6957006C53E6 /* DianaCoreData_Demo */ = {
			isa = PBXNativeTarget;
			buildConfigurationList = 8B1063DE2C5B6959006C53E6 /* Build configuration list for PBXNativeTarget "DianaCoreData_Demo" */;
			buildPhases = (
				8B1063C62C5B6957006C53E6 /* Sources */,
				8B1063C72C5B6957006C53E6 /* Frameworks */,
				8B1063C82C5B6957006C53E6 /* Resources */,
			);
			buildRules = (
			);
			dependencies = (
			);
			name = DianaCoreData_Demo;
			productName = DianaCoreData_Demo;
			productReference = 8B1063CA2C5B6957006C53E6 /* DianaCoreData_Demo.app */;
			productType = "com.apple.product-type.application";
		};
/* End PBXNativeTarget section */

/* Begin PBXProject section */
		8B1063C22C5B6957006C53E6 /* Project object */ = {
			isa = PBXProject;
			attributes = {
				BuildIndependentTargetsInParallel = 1;
				LastSwiftUpdateCheck = 1540;
				LastUpgradeCheck = 1540;
				TargetAttributes = {
					8B1063C92C5B6957006C53E6 = {
						CreatedOnToolsVersion = 15.4;
					};
				};
			};
			buildConfigurationList = 8B1063C52C5B6957006C53E6 /* Build configuration list for PBXProject "DianaCoreData_Demo" */;
			compatibilityVersion = "Xcode 14.0";
			developmentRegion = en;
			hasScannedForEncodings = 0;
			knownRegions = (
				en,
				Base,
			);
			mainGroup = 8B1063C12C5B6957006C53E6;
			productRefGroup = 8B1063CB2C5B6957006C53E6 /* Products */;
			projectDirPath = "";
			projectRoot = "";
			targets = (
				8B1063C92C5B6957006C53E6 /* DianaCoreData_Demo */,
			);
		};
/* End PBXProject section */

/* Begin PBXResourcesBuildPhase section */
		8B1063C82C5B6957006C53E6 /* Resources */ = {
			isa = PBXResourcesBuildPhase;
			buildActionMask = 2147483647;
			files = (
				8B1063D72C5B6959006C53E6 /* Assets.xcassets in Resources */,
				8B1063DA2C5B6959006C53E6 /* Base in Resources */,
				8B1063D52C5B6957006C53E6 /* Base in Resources */,
			);
			runOnlyForDeploymentPostprocessing = 0;
		};
/* End PBXResourcesBuildPhase section */

/* Begin PBXSourcesBuildPhase section */
		8B1063C62C5B6957006C53E6 /* Sources */ = {
			isa = PBXSourcesBuildPhase;
			buildActionMask = 2147483647;
			files = (
				8B1063D22C5B6957006C53E6 /* ViewController.swift in Sources */,
				8B1063CE2C5B6957006C53E6 /* AppDelegate.swift in Sources */,
				8B1063E32C5B6974006C53E6 /* CoreDataModel.xcdatamodeld in Sources */,
				8B1063E52C5B6B11006C53E6 /* CoreDataViewModel.swift in Sources */,
				8B1063D02C5B6957006C53E6 /* SceneDelegate.swift in Sources */,
				8B1063E82C5C9241006C53E6 /* Model.xcdatamodeld in Sources */,
			);
			runOnlyForDeploymentPostprocessing = 0;
		};
/* End PBXSourcesBuildPhase section */

/* Begin PBXVariantGroup section */
		8B1063D32C5B6957006C53E6 /* Main.storyboard */ = {
			isa = PBXVariantGroup;
			children = (
				8B1063D42C5B6957006C53E6 /* Base */,
			);
			name = Main.storyboard;
			sourceTree = "<group>";
		};
		8B1063D82C5B6959006C53E6 /* LaunchScreen.storyboard */ = {
			isa = PBXVariantGroup;
			children = (
				8B1063D92C5B6959006C53E6 /* Base */,
			);
			name = LaunchScreen.storyboard;
			sourceTree = "<group>";
		};
/* End PBXVariantGroup section */

/* Begin XCBuildConfiguration section */
		8B1063DC2C5B6959006C53E6 /* Debug */ = {
			isa = XCBuildConfiguration;
			buildSettings = {
				ALWAYS_SEARCH_USER_PATHS = NO;
				ASSETCATALOG_COMPILER_GENERATE_SWIFT_ASSET_SYMBOL_EXTENSIONS = YES;
				CLANG_ANALYZER_NONNULL = YES;
				CLANG_ANALYZER_NUMBER_OBJECT_CONVERSION = YES_AGGRESSIVE;
				CLANG_CXX_LANGUAGE_STANDARD = "gnu++20";
				CLANG_ENABLE_MODULES = YES;
				CLANG_ENABLE_OBJC_ARC = YES;
				CLANG_ENABLE_OBJC_WEAK = YES;
				CLANG_WARN_BLOCK_CAPTURE_AUTORELEASING = YES;
				CLANG_WARN_BOOL_CONVERSION = YES;
				CLANG_WARN_COMMA = YES;
				CLANG_WARN_CONSTANT_CONVERSION = YES;
				CLANG_WARN_DEPRECATED_OBJC_IMPLEMENTATIONS = YES;
				CLANG_WARN_DIRECT_OBJC_ISA_USAGE = YES_ERROR;
				CLANG_WARN_DOCUMENTATION_COMMENTS = YES;
				CLANG_WARN_EMPTY_BODY = YES;
				CLANG_WARN_ENUM_CONVERSION = YES;
				CLANG_WARN_INFINITE_RECURSION = YES;
				CLANG_WARN_INT_CONVERSION = YES;
				CLANG_WARN_NON_LITERAL_NULL_CONVERSION = YES;
				CLANG_WARN_OBJC_IMPLICIT_RETAIN_SELF = YES;
				CLANG_WARN_OBJC_LITERAL_CONVERSION = YES;
				CLANG_WARN_OBJC_ROOT_CLASS = YES_ERROR;
				CLANG_WARN_QUOTED_INCLUDE_IN_FRAMEWORK_HEADER = YES;
				CLANG_WARN_RANGE_LOOP_ANALYSIS = YES;
				CLANG_WARN_STRICT_PROTOTYPES = YES;
				CLANG_WARN_SUSPICIOUS_MOVE = YES;
				CLANG_WARN_UNGUARDED_AVAILABILITY = YES_AGGRESSIVE;
				CLANG_WARN_UNREACHABLE_CODE = YES;
				CLANG_WARN__DUPLICATE_METHOD_MATCH = YES;
				COPY_PHASE_STRIP = NO;
				DEBUG_INFORMATION_FORMAT = dwarf;
				ENABLE_STRICT_OBJC_MSGSEND = YES;
				ENABLE_TESTABILITY = YES;
				ENABLE_USER_SCRIPT_SANDBOXING = YES;
				GCC_C_LANGUAGE_STANDARD = gnu17;
				GCC_DYNAMIC_NO_PIC = NO;
				GCC_NO_COMMON_BLOCKS = YES;
				GCC_OPTIMIZATION_LEVEL = 0;
				GCC_PREPROCESSOR_DEFINITIONS = (
					"DEBUG=1",
					"$(inherited)",
				);
				GCC_WARN_64_TO_32_BIT_CONVERSION = YES;
				GCC_WARN_ABOUT_RETURN_TYPE = YES_ERROR;
				GCC_WARN_UNDECLARED_SELECTOR = YES;
				GCC_WARN_UNINITIALIZED_AUTOS = YES_AGGRESSIVE;
				GCC_WARN_UNUSED_FUNCTION = YES;
				GCC_WARN_UNUSED_VARIABLE = YES;
				IPHONEOS_DEPLOYMENT_TARGET = 17.5;
				LOCALIZATION_PREFERS_STRING_CATALOGS = YES;
				MTL_ENABLE_DEBUG_INFO = INCLUDE_SOURCE;
				MTL_FAST_MATH = YES;
				ONLY_ACTIVE_ARCH = YES;
				SDKROOT = iphoneos;
				SWIFT_ACTIVE_COMPILATION_CONDITIONS = "DEBUG $(inherited)";
				SWIFT_OPTIMIZATION_LEVEL = "-Onone";
			};
			name = Debug;
		};
		8B1063DD2C5B6959006C53E6 /* Release */ = {
			isa = XCBuildConfiguration;
			buildSettings = {
				ALWAYS_SEARCH_USER_PATHS = NO;
				ASSETCATALOG_COMPILER_GENERATE_SWIFT_ASSET_SYMBOL_EXTENSIONS = YES;
				CLANG_ANALYZER_NONNULL = YES;
				CLANG_ANALYZER_NUMBER_OBJECT_CONVERSION = YES_AGGRESSIVE;
				CLANG_CXX_LANGUAGE_STANDARD = "gnu++20";
				CLANG_ENABLE_MODULES = YES;
				CLANG_ENABLE_OBJC_ARC = YES;
				CLANG_ENABLE_OBJC_WEAK = YES;
				CLANG_WARN_BLOCK_CAPTURE_AUTORELEASING = YES;
				CLANG_WARN_BOOL_CONVERSION = YES;
				CLANG_WARN_COMMA = YES;
				CLANG_WARN_CONSTANT_CONVERSION = YES;
				CLANG_WARN_DEPRECATED_OBJC_IMPLEMENTATIONS = YES;
				CLANG_WARN_DIRECT_OBJC_ISA_USAGE = YES_ERROR;
				CLANG_WARN_DOCUMENTATION_COMMENTS = YES;
				CLANG_WARN_EMPTY_BODY = YES;
				CLANG_WARN_ENUM_CONVERSION = YES;
				CLANG_WARN_INFINITE_RECURSION = YES;
				CLANG_WARN_INT_CONVERSION = YES;
				CLANG_WARN_NON_LITERAL_NULL_CONVERSION = YES;
				CLANG_WARN_OBJC_IMPLICIT_RETAIN_SELF = YES;
				CLANG_WARN_OBJC_LITERAL_CONVERSION = YES;
				CLANG_WARN_OBJC_ROOT_CLASS = YES_ERROR;
				CLANG_WARN_QUOTED_INCLUDE_IN_FRAMEWORK_HEADER = YES;
				CLANG_WARN_RANGE_LOOP_ANALYSIS = YES;
				CLANG_WARN_STRICT_PROTOTYPES = YES;
				CLANG_WARN_SUSPICIOUS_MOVE = YES;
				CLANG_WARN_UNGUARDED_AVAILABILITY = YES_AGGRESSIVE;
				CLANG_WARN_UNREACHABLE_CODE = YES;
				CLANG_WARN__DUPLICATE_METHOD_MATCH = YES;
				COPY_PHASE_STRIP = NO;
				DEBUG_INFORMATION_FORMAT = "dwarf-with-dsym";
				ENABLE_NS_ASSERTIONS = NO;
				ENABLE_STRICT_OBJC_MSGSEND = YES;
				ENABLE_USER_SCRIPT_SANDBOXING = YES;
				GCC_C_LANGUAGE_STANDARD = gnu17;
				GCC_NO_COMMON_BLOCKS = YES;
				GCC_WARN_64_TO_32_BIT_CONVERSION = YES;
				GCC_WARN_ABOUT_RETURN_TYPE = YES_ERROR;
				GCC_WARN_UNDECLARED_SELECTOR = YES;
				GCC_WARN_UNINITIALIZED_AUTOS = YES_AGGRESSIVE;
				GCC_WARN_UNUSED_FUNCTION = YES;
				GCC_WARN_UNUSED_VARIABLE = YES;
				IPHONEOS_DEPLOYMENT_TARGET = 17.5;
				LOCALIZATION_PREFERS_STRING_CATALOGS = YES;
				MTL_ENABLE_DEBUG_INFO = NO;
				MTL_FAST_MATH = YES;
				SDKROOT = iphoneos;
				SWIFT_COMPILATION_MODE = wholemodule;
				VALIDATE_PRODUCT = YES;
			};
			name = Release;
		};
		8B1063DF2C5B6959006C53E6 /* Debug */ = {
			isa = XCBuildConfiguration;
			buildSettings = {
				ASSETCATALOG_COMPILER_APPICON_NAME = AppIcon;
				ASSETCATALOG_COMPILER_GLOBAL_ACCENT_COLOR_NAME = AccentColor;
				CODE_SIGN_STYLE = Automatic;
				CURRENT_PROJECT_VERSION = 1;
				DEVELOPMENT_TEAM = 283MVWC922;
				GENERATE_INFOPLIST_FILE = YES;
				INFOPLIST_FILE = DianaCoreData_Demo/Info.plist;
				INFOPLIST_KEY_UIApplicationSupportsIndirectInputEvents = YES;
				INFOPLIST_KEY_UILaunchStoryboardName = LaunchScreen;
				INFOPLIST_KEY_UIMainStoryboardFile = Main;
				INFOPLIST_KEY_UISupportedInterfaceOrientations_iPad = "UIInterfaceOrientationPortrait UIInterfaceOrientationPortraitUpsideDown UIInterfaceOrientationLandscapeLeft UIInterfaceOrientationLandscapeRight";
				INFOPLIST_KEY_UISupportedInterfaceOrientations_iPhone = "UIInterfaceOrientationPortrait UIInterfaceOrientationLandscapeLeft UIInterfaceOrientationLandscapeRight";
				LD_RUNPATH_SEARCH_PATHS = (
					"$(inherited)",
					"@executable_path/Frameworks",
				);
				MARKETING_VERSION = 1.0;
				PRODUCT_BUNDLE_IDENTIFIER = "io.yejinhong.DianaCoreData-Demo";
				PRODUCT_NAME = "$(TARGET_NAME)";
				SWIFT_EMIT_LOC_STRINGS = YES;
				SWIFT_VERSION = 5.0;
				TARGETED_DEVICE_FAMILY = "1,2";
			};
			name = Debug;
		};
		8B1063E02C5B6959006C53E6 /* Release */ = {
			isa = XCBuildConfiguration;
			buildSettings = {
				ASSETCATALOG_COMPILER_APPICON_NAME = AppIcon;
				ASSETCATALOG_COMPILER_GLOBAL_ACCENT_COLOR_NAME = AccentColor;
				CODE_SIGN_STYLE = Automatic;
				CURRENT_PROJECT_VERSION = 1;
				DEVELOPMENT_TEAM = 283MVWC922;
				GENERATE_INFOPLIST_FILE = YES;
				INFOPLIST_FILE = DianaCoreData_Demo/Info.plist;
				INFOPLIST_KEY_UIApplicationSupportsIndirectInputEvents = YES;
				INFOPLIST_KEY_UILaunchStoryboardName = LaunchScreen;
				INFOPLIST_KEY_UIMainStoryboardFile = Main;
				INFOPLIST_KEY_UISupportedInterfaceOrientations_iPad = "UIInterfaceOrientationPortrait UIInterfaceOrientationPortraitUpsideDown UIInterfaceOrientationLandscapeLeft UIInterfaceOrientationLandscapeRight";
				INFOPLIST_KEY_UISupportedInterfaceOrientations_iPhone = "UIInterfaceOrientationPortrait UIInterfaceOrientationLandscapeLeft UIInterfaceOrientationLandscapeRight";
				LD_RUNPATH_SEARCH_PATHS = (
					"$(inherited)",
					"@executable_path/Frameworks",
				);
				MARKETING_VERSION = 1.0;
				PRODUCT_BUNDLE_IDENTIFIER = "io.yejinhong.DianaCoreData-Demo";
				PRODUCT_NAME = "$(TARGET_NAME)";
				SWIFT_EMIT_LOC_STRINGS = YES;
				SWIFT_VERSION = 5.0;
				TARGETED_DEVICE_FAMILY = "1,2";
			};
			name = Release;
		};
/* End XCBuildConfiguration section */

/* Begin XCConfigurationList section */
		8B1063C52C5B6957006C53E6 /* Build configuration list for PBXProject "DianaCoreData_Demo" */ = {
			isa = XCConfigurationList;
			buildConfigurations = (
				8B1063DC2C5B6959006C53E6 /* Debug */,
				8B1063DD2C5B6959006C53E6 /* Release */,
			);
			defaultConfigurationIsVisible = 0;
			defaultConfigurationName = Release;
		};
		8B1063DE2C5B6959006C53E6 /* Build configuration list for PBXNativeTarget "DianaCoreData_Demo" */ = {
			isa = XCConfigurationList;
			buildConfigurations = (
				8B1063DF2C5B6959006C53E6 /* Debug */,
				8B1063E02C5B6959006C53E6 /* Release */,
			);
			defaultConfigurationIsVisible = 0;
			defaultConfigurationName = Release;
		};
/* End XCConfigurationList section */

/* Begin XCVersionGroup section */
		8B1063E12C5B6974006C53E6 /* CoreDataModel.xcdatamodeld */ = {
			isa = XCVersionGroup;
			children = (
				8B1063E22C5B6974006C53E6 /* CoreDataModel.xcdatamodel */,
			);
			currentVersion = 8B1063E22C5B6974006C53E6 /* CoreDataModel.xcdatamodel */;
			name = CoreDataModel.xcdatamodeld;
			path = /Users/yejinhong/Documents/MyProjects/DianaApps_Demo/DianaCoreData_Demo/DianaCoreData_Demo/CoreDataModel.xcdatamodeld;
			sourceTree = "<group>";
			versionGroupType = wrapper.xcdatamodel;
		};
		8B1063E62C5C9241006C53E6 /* Model.xcdatamodeld */ = {
			isa = XCVersionGroup;
			children = (
				8B1063E72C5C9241006C53E6 /* Model.xcdatamodel */,
			);
			currentVersion = 8B1063E72C5C9241006C53E6 /* Model.xcdatamodel */;
			name = Model.xcdatamodeld;
			path = /Users/yejinhong/Documents/MyProjects/DianaApps_Demo/DianaCoreData_Demo/DianaCoreData_Demo/Model.xcdatamodeld;
			sourceTree = "<group>";
			versionGroupType = wrapper.xcdatamodel;
		};
/* End XCVersionGroup section */
	};
	rootObject = 8B1063C22C5B6957006C53E6 /* Project object */;
}
