// !$*UTF8*$!
{
	archiveVersion = 1;
	classes = {
	};
	objectVersion = 56;
	objects = {

/* Begin PBXBuildFile section */
		8BDB5E292C3127F700B090AE /* AppDelegate.swift in Sources */ = {isa = PBXBuildFile; fileRef = 8BDB5E282C3127F700B090AE /* AppDelegate.swift */; };
		8BDB5E2B2C3127F700B090AE /* SceneDelegate.swift in Sources */ = {isa = PBXBuildFile; fileRef = 8BDB5E2A2C3127F700B090AE /* SceneDelegate.swift */; };
		8BDB5E2D2C3127F700B090AE /* TodayViewController.swift in Sources */ = {isa = PBXBuildFile; fileRef = 8BDB5E2C2C3127F700B090AE /* TodayViewController.swift */; };
		8BDB5E322C3127F900B090AE /* Assets.xcassets in Resources */ = {isa = PBXBuildFile; fileRef = 8BDB5E312C3127F900B090AE /* Assets.xcassets */; };
		8BDB5E352C3127F900B090AE /* Base in Resources */ = {isa = PBXBuildFile; fileRef = 8BDB5E342C3127F900B090AE /* Base */; };
		8BDB5E412C3130FF00B090AE /* TodayTitleSection.swift in Sources */ = {isa = PBXBuildFile; fileRef = 8BDB5E402C3130FF00B090AE /* TodayTitleSection.swift */; };
		8BDB5E432C315B3300B090AE /* Section.swift in Sources */ = {isa = PBXBuildFile; fileRef = 8BDB5E422C315B3200B090AE /* Section.swift */; };
/* End PBXBuildFile section */

/* Begin PBXFileReference section */
		8BDB5E252C3127F700B090AE /* DianaAppStore_Demo.app */ = {isa = PBXFileReference; explicitFileType = wrapper.application; includeInIndex = 0; path = DianaAppStore_Demo.app; sourceTree = BUILT_PRODUCTS_DIR; };
		8BDB5E282C3127F700B090AE /* AppDelegate.swift */ = {isa = PBXFileReference; lastKnownFileType = sourcecode.swift; path = AppDelegate.swift; sourceTree = "<group>"; };
		8BDB5E2A2C3127F700B090AE /* SceneDelegate.swift */ = {isa = PBXFileReference; lastKnownFileType = sourcecode.swift; path = SceneDelegate.swift; sourceTree = "<group>"; };
		8BDB5E2C2C3127F700B090AE /* TodayViewController.swift */ = {isa = PBXFileReference; lastKnownFileType = sourcecode.swift; path = TodayViewController.swift; sourceTree = "<group>"; };
		8BDB5E312C3127F900B090AE /* Assets.xcassets */ = {isa = PBXFileReference; lastKnownFileType = folder.assetcatalog; path = Assets.xcassets; sourceTree = "<group>"; };
		8BDB5E342C3127F900B090AE /* Base */ = {isa = PBXFileReference; lastKnownFileType = file.storyboard; name = Base; path = Base.lproj/LaunchScreen.storyboard; sourceTree = "<group>"; };
		8BDB5E362C3127F900B090AE /* Info.plist */ = {isa = PBXFileReference; lastKnownFileType = text.plist.xml; path = Info.plist; sourceTree = "<group>"; };
		8BDB5E402C3130FF00B090AE /* TodayTitleSection.swift */ = {isa = PBXFileReference; lastKnownFileType = sourcecode.swift; path = TodayTitleSection.swift; sourceTree = "<group>"; };
		8BDB5E422C315B3200B090AE /* Section.swift */ = {isa = PBXFileReference; lastKnownFileType = sourcecode.swift; path = Section.swift; sourceTree = "<group>"; };
/* End PBXFileReference section */

/* Begin PBXFrameworksBuildPhase section */
		8BDB5E222C3127F700B090AE /* Frameworks */ = {
			isa = PBXFrameworksBuildPhase;
			buildActionMask = 2147483647;
			files = (
			);
			runOnlyForDeploymentPostprocessing = 0;
		};
/* End PBXFrameworksBuildPhase section */

/* Begin PBXGroup section */
		8BDB5E1C2C3127F700B090AE = {
			isa = PBXGroup;
			children = (
				8BDB5E272C3127F700B090AE /* DianaAppStore_Demo */,
				8BDB5E262C3127F700B090AE /* Products */,
			);
			sourceTree = "<group>";
		};
		8BDB5E262C3127F700B090AE /* Products */ = {
			isa = PBXGroup;
			children = (
				8BDB5E252C3127F700B090AE /* DianaAppStore_Demo.app */,
			);
			name = Products;
			sourceTree = "<group>";
		};
		8BDB5E272C3127F700B090AE /* DianaAppStore_Demo */ = {
			isa = PBXGroup;
			children = (
				8BDB5E3E2C3129DE00B090AE /* ViewControllers */,
				8BDB5E3C2C3129CC00B090AE /* Sections */,
				8BDB5E282C3127F700B090AE /* AppDelegate.swift */,
				8BDB5E2A2C3127F700B090AE /* SceneDelegate.swift */,
				8BDB5E312C3127F900B090AE /* Assets.xcassets */,
				8BDB5E332C3127F900B090AE /* LaunchScreen.storyboard */,
				8BDB5E362C3127F900B090AE /* Info.plist */,
			);
			path = DianaAppStore_Demo;
			sourceTree = "<group>";
		};
		8BDB5E3C2C3129CC00B090AE /* Sections */ = {
			isa = PBXGroup;
			children = (
				8BDB5E422C315B3200B090AE /* Section.swift */,
				8BDB5E402C3130FF00B090AE /* TodayTitleSection.swift */,
			);
			path = Sections;
			sourceTree = "<group>";
		};
		8BDB5E3E2C3129DE00B090AE /* ViewControllers */ = {
			isa = PBXGroup;
			children = (
				8BDB5E2C2C3127F700B090AE /* TodayViewController.swift */,
			);
			path = ViewControllers;
			sourceTree = "<group>";
		};
/* End PBXGroup section */

/* Begin PBXNativeTarget section */
		8BDB5E242C3127F700B090AE /* DianaAppStore_Demo */ = {
			isa = PBXNativeTarget;
			buildConfigurationList = 8BDB5E392C3127F900B090AE /* Build configuration list for PBXNativeTarget "DianaAppStore_Demo" */;
			buildPhases = (
				8BDB5E212C3127F700B090AE /* Sources */,
				8BDB5E222C3127F700B090AE /* Frameworks */,
				8BDB5E232C3127F700B090AE /* Resources */,
			);
			buildRules = (
			);
			dependencies = (
			);
			name = DianaAppStore_Demo;
			productName = DianaAppStore_Demo;
			productReference = 8BDB5E252C3127F700B090AE /* DianaAppStore_Demo.app */;
			productType = "com.apple.product-type.application";
		};
/* End PBXNativeTarget section */

/* Begin PBXProject section */
		8BDB5E1D2C3127F700B090AE /* Project object */ = {
			isa = PBXProject;
			attributes = {
				BuildIndependentTargetsInParallel = 1;
				LastSwiftUpdateCheck = 1540;
				LastUpgradeCheck = 1540;
				TargetAttributes = {
					8BDB5E242C3127F700B090AE = {
						CreatedOnToolsVersion = 15.4;
					};
				};
			};
			buildConfigurationList = 8BDB5E202C3127F700B090AE /* Build configuration list for PBXProject "DianaAppStore_Demo" */;
			compatibilityVersion = "Xcode 14.0";
			developmentRegion = en;
			hasScannedForEncodings = 0;
			knownRegions = (
				en,
				Base,
			);
			mainGroup = 8BDB5E1C2C3127F700B090AE;
			productRefGroup = 8BDB5E262C3127F700B090AE /* Products */;
			projectDirPath = "";
			projectRoot = "";
			targets = (
				8BDB5E242C3127F700B090AE /* DianaAppStore_Demo */,
			);
		};
/* End PBXProject section */

/* Begin PBXResourcesBuildPhase section */
		8BDB5E232C3127F700B090AE /* Resources */ = {
			isa = PBXResourcesBuildPhase;
			buildActionMask = 2147483647;
			files = (
				8BDB5E322C3127F900B090AE /* Assets.xcassets in Resources */,
				8BDB5E352C3127F900B090AE /* Base in Resources */,
			);
			runOnlyForDeploymentPostprocessing = 0;
		};
/* End PBXResourcesBuildPhase section */

/* Begin PBXSourcesBuildPhase section */
		8BDB5E212C3127F700B090AE /* Sources */ = {
			isa = PBXSourcesBuildPhase;
			buildActionMask = 2147483647;
			files = (
				8BDB5E432C315B3300B090AE /* Section.swift in Sources */,
				8BDB5E2D2C3127F700B090AE /* TodayViewController.swift in Sources */,
				8BDB5E292C3127F700B090AE /* AppDelegate.swift in Sources */,
				8BDB5E412C3130FF00B090AE /* TodayTitleSection.swift in Sources */,
				8BDB5E2B2C3127F700B090AE /* SceneDelegate.swift in Sources */,
			);
			runOnlyForDeploymentPostprocessing = 0;
		};
/* End PBXSourcesBuildPhase section */

/* Begin PBXVariantGroup section */
		8BDB5E332C3127F900B090AE /* LaunchScreen.storyboard */ = {
			isa = PBXVariantGroup;
			children = (
				8BDB5E342C3127F900B090AE /* Base */,
			);
			name = LaunchScreen.storyboard;
			sourceTree = "<group>";
		};
/* End PBXVariantGroup section */

/* Begin XCBuildConfiguration section */
		8BDB5E372C3127F900B090AE /* Debug */ = {
			isa = XCBuildConfiguration;
			buildSettings = {
				ALWAYS_SEARCH_USER_PATHS = NO;
				ASSETCATALOG_COMPILER_GENERATE_SWIFT_ASSET_SYMBOL_EXTENSIONS = YES;
				CLANG_ANALYZER_NONNULL = YES;
				CLANG_ANALYZER_NUMBER_OBJECT_CONVERSION = YES_AGGRESSIVE;
				CLANG_CXX_LANGUAGE_STANDARD = "gnu++20";
				CLANG_ENABLE_MODULES = YES;
				CLANG_ENABLE_OBJC_ARC = YES;
				CLANG_ENABLE_OBJC_WEAK = YES;
				CLANG_WARN_BLOCK_CAPTURE_AUTORELEASING = YES;
				CLANG_WARN_BOOL_CONVERSION = YES;
				CLANG_WARN_COMMA = YES;
				CLANG_WARN_CONSTANT_CONVERSION = YES;
				CLANG_WARN_DEPRECATED_OBJC_IMPLEMENTATIONS = YES;
				CLANG_WARN_DIRECT_OBJC_ISA_USAGE = YES_ERROR;
				CLANG_WARN_DOCUMENTATION_COMMENTS = YES;
				CLANG_WARN_EMPTY_BODY = YES;
				CLANG_WARN_ENUM_CONVERSION = YES;
				CLANG_WARN_INFINITE_RECURSION = YES;
				CLANG_WARN_INT_CONVERSION = YES;
				CLANG_WARN_NON_LITERAL_NULL_CONVERSION = YES;
				CLANG_WARN_OBJC_IMPLICIT_RETAIN_SELF = YES;
				CLANG_WARN_OBJC_LITERAL_CONVERSION = YES;
				CLANG_WARN_OBJC_ROOT_CLASS = YES_ERROR;
				CLANG_WARN_QUOTED_INCLUDE_IN_FRAMEWORK_HEADER = YES;
				CLANG_WARN_RANGE_LOOP_ANALYSIS = YES;
				CLANG_WARN_STRICT_PROTOTYPES = YES;
				CLANG_WARN_SUSPICIOUS_MOVE = YES;
				CLANG_WARN_UNGUARDED_AVAILABILITY = YES_AGGRESSIVE;
				CLANG_WARN_UNREACHABLE_CODE = YES;
				CLANG_WARN__DUPLICATE_METHOD_MATCH = YES;
				COPY_PHASE_STRIP = NO;
				DEBUG_INFORMATION_FORMAT = dwarf;
				ENABLE_STRICT_OBJC_MSGSEND = YES;
				ENABLE_TESTABILITY = YES;
				ENABLE_USER_SCRIPT_SANDBOXING = YES;
				GCC_C_LANGUAGE_STANDARD = gnu17;
				GCC_DYNAMIC_NO_PIC = NO;
				GCC_NO_COMMON_BLOCKS = YES;
				GCC_OPTIMIZATION_LEVEL = 0;
				GCC_PREPROCESSOR_DEFINITIONS = (
					"DEBUG=1",
					"$(inherited)",
				);
				GCC_WARN_64_TO_32_BIT_CONVERSION = YES;
				GCC_WARN_ABOUT_RETURN_TYPE = YES_ERROR;
				GCC_WARN_UNDECLARED_SELECTOR = YES;
				GCC_WARN_UNINITIALIZED_AUTOS = YES_AGGRESSIVE;
				GCC_WARN_UNUSED_FUNCTION = YES;
				GCC_WARN_UNUSED_VARIABLE = YES;
				IPHONEOS_DEPLOYMENT_TARGET = 17.5;
				LOCALIZATION_PREFERS_STRING_CATALOGS = YES;
				MTL_ENABLE_DEBUG_INFO = INCLUDE_SOURCE;
				MTL_FAST_MATH = YES;
				ONLY_ACTIVE_ARCH = YES;
				SDKROOT = iphoneos;
				SWIFT_ACTIVE_COMPILATION_CONDITIONS = "DEBUG $(inherited)";
				SWIFT_OPTIMIZATION_LEVEL = "-Onone";
			};
			name = Debug;
		};
		8BDB5E382C3127F900B090AE /* Release */ = {
			isa = XCBuildConfiguration;
			buildSettings = {
				ALWAYS_SEARCH_USER_PATHS = NO;
				ASSETCATALOG_COMPILER_GENERATE_SWIFT_ASSET_SYMBOL_EXTENSIONS = YES;
				CLANG_ANALYZER_NONNULL = YES;
				CLANG_ANALYZER_NUMBER_OBJECT_CONVERSION = YES_AGGRESSIVE;
				CLANG_CXX_LANGUAGE_STANDARD = "gnu++20";
				CLANG_ENABLE_MODULES = YES;
				CLANG_ENABLE_OBJC_ARC = YES;
				CLANG_ENABLE_OBJC_WEAK = YES;
				CLANG_WARN_BLOCK_CAPTURE_AUTORELEASING = YES;
				CLANG_WARN_BOOL_CONVERSION = YES;
				CLANG_WARN_COMMA = YES;
				CLANG_WARN_CONSTANT_CONVERSION = YES;
				CLANG_WARN_DEPRECATED_OBJC_IMPLEMENTATIONS = YES;
				CLANG_WARN_DIRECT_OBJC_ISA_USAGE = YES_ERROR;
				CLANG_WARN_DOCUMENTATION_COMMENTS = YES;
				CLANG_WARN_EMPTY_BODY = YES;
				CLANG_WARN_ENUM_CONVERSION = YES;
				CLANG_WARN_INFINITE_RECURSION = YES;
				CLANG_WARN_INT_CONVERSION = YES;
				CLANG_WARN_NON_LITERAL_NULL_CONVERSION = YES;
				CLANG_WARN_OBJC_IMPLICIT_RETAIN_SELF = YES;
				CLANG_WARN_OBJC_LITERAL_CONVERSION = YES;
				CLANG_WARN_OBJC_ROOT_CLASS = YES_ERROR;
				CLANG_WARN_QUOTED_INCLUDE_IN_FRAMEWORK_HEADER = YES;
				CLANG_WARN_RANGE_LOOP_ANALYSIS = YES;
				CLANG_WARN_STRICT_PROTOTYPES = YES;
				CLANG_WARN_SUSPICIOUS_MOVE = YES;
				CLANG_WARN_UNGUARDED_AVAILABILITY = YES_AGGRESSIVE;
				CLANG_WARN_UNREACHABLE_CODE = YES;
				CLANG_WARN__DUPLICATE_METHOD_MATCH = YES;
				COPY_PHASE_STRIP = NO;
				DEBUG_INFORMATION_FORMAT = "dwarf-with-dsym";
				ENABLE_NS_ASSERTIONS = NO;
				ENABLE_STRICT_OBJC_MSGSEND = YES;
				ENABLE_USER_SCRIPT_SANDBOXING = YES;
				GCC_C_LANGUAGE_STANDARD = gnu17;
				GCC_NO_COMMON_BLOCKS = YES;
				GCC_WARN_64_TO_32_BIT_CONVERSION = YES;
				GCC_WARN_ABOUT_RETURN_TYPE = YES_ERROR;
				GCC_WARN_UNDECLARED_SELECTOR = YES;
				GCC_WARN_UNINITIALIZED_AUTOS = YES_AGGRESSIVE;
				GCC_WARN_UNUSED_FUNCTION = YES;
				GCC_WARN_UNUSED_VARIABLE = YES;
				IPHONEOS_DEPLOYMENT_TARGET = 17.5;
				LOCALIZATION_PREFERS_STRING_CATALOGS = YES;
				MTL_ENABLE_DEBUG_INFO = NO;
				MTL_FAST_MATH = YES;
				SDKROOT = iphoneos;
				SWIFT_COMPILATION_MODE = wholemodule;
				VALIDATE_PRODUCT = YES;
			};
			name = Release;
		};
		8BDB5E3A2C3127F900B090AE /* Debug */ = {
			isa = XCBuildConfiguration;
			buildSettings = {
				ASSETCATALOG_COMPILER_APPICON_NAME = AppIcon;
				ASSETCATALOG_COMPILER_GLOBAL_ACCENT_COLOR_NAME = AccentColor;
				CODE_SIGN_STYLE = Automatic;
				CURRENT_PROJECT_VERSION = 1;
				DEVELOPMENT_TEAM = 283MVWC922;
				GENERATE_INFOPLIST_FILE = YES;
				INFOPLIST_FILE = DianaAppStore_Demo/Info.plist;
				INFOPLIST_KEY_UIApplicationSupportsIndirectInputEvents = YES;
				INFOPLIST_KEY_UILaunchStoryboardName = LaunchScreen;
				INFOPLIST_KEY_UISupportedInterfaceOrientations_iPad = "UIInterfaceOrientationPortrait UIInterfaceOrientationPortraitUpsideDown UIInterfaceOrientationLandscapeLeft UIInterfaceOrientationLandscapeRight";
				INFOPLIST_KEY_UISupportedInterfaceOrientations_iPhone = "UIInterfaceOrientationPortrait UIInterfaceOrientationLandscapeLeft UIInterfaceOrientationLandscapeRight";
				LD_RUNPATH_SEARCH_PATHS = (
					"$(inherited)",
					"@executable_path/Frameworks",
				);
				MARKETING_VERSION = 1.0;
				PRODUCT_BUNDLE_IDENTIFIER = "io.yejinhong.DianaAppStore-Demo";
				PRODUCT_NAME = "$(TARGET_NAME)";
				SWIFT_EMIT_LOC_STRINGS = YES;
				SWIFT_VERSION = 5.0;
				TARGETED_DEVICE_FAMILY = "1,2";
			};
			name = Debug;
		};
		8BDB5E3B2C3127F900B090AE /* Release */ = {
			isa = XCBuildConfiguration;
			buildSettings = {
				ASSETCATALOG_COMPILER_APPICON_NAME = AppIcon;
				ASSETCATALOG_COMPILER_GLOBAL_ACCENT_COLOR_NAME = AccentColor;
				CODE_SIGN_STYLE = Automatic;
				CURRENT_PROJECT_VERSION = 1;
				DEVELOPMENT_TEAM = 283MVWC922;
				GENERATE_INFOPLIST_FILE = YES;
				INFOPLIST_FILE = DianaAppStore_Demo/Info.plist;
				INFOPLIST_KEY_UIApplicationSupportsIndirectInputEvents = YES;
				INFOPLIST_KEY_UILaunchStoryboardName = LaunchScreen;
				INFOPLIST_KEY_UISupportedInterfaceOrientations_iPad = "UIInterfaceOrientationPortrait UIInterfaceOrientationPortraitUpsideDown UIInterfaceOrientationLandscapeLeft UIInterfaceOrientationLandscapeRight";
				INFOPLIST_KEY_UISupportedInterfaceOrientations_iPhone = "UIInterfaceOrientationPortrait UIInterfaceOrientationLandscapeLeft UIInterfaceOrientationLandscapeRight";
				LD_RUNPATH_SEARCH_PATHS = (
					"$(inherited)",
					"@executable_path/Frameworks",
				);
				MARKETING_VERSION = 1.0;
				PRODUCT_BUNDLE_IDENTIFIER = "io.yejinhong.DianaAppStore-Demo";
				PRODUCT_NAME = "$(TARGET_NAME)";
				SWIFT_EMIT_LOC_STRINGS = YES;
				SWIFT_VERSION = 5.0;
				TARGETED_DEVICE_FAMILY = "1,2";
			};
			name = Release;
		};
/* End XCBuildConfiguration section */

/* Begin XCConfigurationList section */
		8BDB5E202C3127F700B090AE /* Build configuration list for PBXProject "DianaAppStore_Demo" */ = {
			isa = XCConfigurationList;
			buildConfigurations = (
				8BDB5E372C3127F900B090AE /* Debug */,
				8BDB5E382C3127F900B090AE /* Release */,
			);
			defaultConfigurationIsVisible = 0;
			defaultConfigurationName = Release;
		};
		8BDB5E392C3127F900B090AE /* Build configuration list for PBXNativeTarget "DianaAppStore_Demo" */ = {
			isa = XCConfigurationList;
			buildConfigurations = (
				8BDB5E3A2C3127F900B090AE /* Debug */,
				8BDB5E3B2C3127F900B090AE /* Release */,
			);
			defaultConfigurationIsVisible = 0;
			defaultConfigurationName = Release;
		};
/* End XCConfigurationList section */
	};
	rootObject = 8BDB5E1D2C3127F700B090AE /* Project object */;
}
